
Microsoft Visual Studio Solution File, Format Version 12.00
# Visual Studio Version 17
VisualStudioVersion = 17.13.35825.156 d17.13
MinimumVisualStudioVersion = 10.0.40219.1
Project("{FAE04EC0-301F-11D3-BF4B-00C04F79EFBC}") = "ReminderBuddyApp", "ReminderBuddyApp\ReminderBuddyApp.csproj", "{56994450-A30E-4E62-8F2A-48A9CDB4B599}"
EndProject
Project("{FAE04EC0-301F-11D3-BF4B-00C04F79EFBC}") = "ReminderBuddyAppApi", "ReminderBuddyAppApi\ReminderBuddyAppApi.csproj", "{F2CE8E19-6144-4DB6-BA40-598620FCFFE0}"
EndProject
Global
	GlobalSection(SolutionConfigurationPlatforms) = preSolution
		Debug|Any CPU = Debug|Any CPU
		Release|Any CPU = Release|Any CPU
	EndGlobalSection
	GlobalSection(ProjectConfigurationPlatforms) = postSolution
		{56994450-A30E-4E62-8F2A-48A9CDB4B599}.Debug|Any CPU.ActiveCfg = Debug|Any CPU
		{56994450-A30E-4E62-8F2A-48A9CDB4B599}.Debug|Any CPU.Build.0 = Debug|Any CPU
		{56994450-A30E-4E62-8F2A-48A9CDB4B599}.Release|Any CPU.ActiveCfg = Release|Any CPU
		{56994450-A30E-4E62-8F2A-48A9CDB4B599}.Release|Any CPU.Build.0 = Release|Any CPU
		{F2CE8E19-6144-4DB6-BA40-598620FCFFE0}.Debug|Any CPU.ActiveCfg = Debug|Any CPU
		{F2CE8E19-6144-4DB6-BA40-598620FCFFE0}.Debug|Any CPU.Build.0 = Debug|Any CPU
		{F2CE8E19-6144-4DB6-BA40-598620FCFFE0}.Release|Any CPU.ActiveCfg = Release|Any CPU
		{F2CE8E19-6144-4DB6-BA40-598620FCFFE0}.Release|Any CPU.Build.0 = Release|Any CPU
	EndGlobalSection
	GlobalSection(SolutionProperties) = preSolution
		HideSolutionNode = FALSE
	EndGlobalSection
	GlobalSection(ExtensibilityGlobals) = postSolution
		SolutionGuid = {683E3EC0-2AD5-4743-A1B1-37AE9B976FF8}
	EndGlobalSection
EndGlobal
